<?xml version="1.0" encoding="utf-8"?>
<Project ToolsVersion="4.0" xmlns="http://schemas.microsoft.com/developer/msbuild/2003">
  <ItemGroup>
    <Filter Include="win32">
      <UniqueIdentifier>{84a8ebd7-7cf0-47f6-b75e-d441df67da40}</UniqueIdentifier>
    </Filter>
    <Filter Include="resource">
      <UniqueIdentifier>{715254bc-d70b-4ec5-bf29-467dd3ace079}</UniqueIdentifier>
    </Filter>
    <Filter Include="src">
      <UniqueIdentifier>{bb6c862e-70e9-49d9-81b7-3829a6f50471}</UniqueIdentifier>
    </Filter>
    <Filter Include="Layer">
      <UniqueIdentifier>{a04a3a22-70a8-484c-9754-7d5ea2d8f7ee}</UniqueIdentifier>
    </Filter>
    <Filter Include="Utility">
      <UniqueIdentifier>{00338770-fde2-4d17-b322-1ad705d9898a}</UniqueIdentifier>
    </Filter>
  </ItemGroup>
  <ItemGroup>
    <ClCompile Include="main.cpp">
      <Filter>win32</Filter>
    </ClCompile>
    <ClCompile Include="..\Classes\AppDelegate.cpp">
      <Filter>src</Filter>
    </ClCompile>
    <ClCompile Include="..\Classes\MainScene.cpp">
      <Filter>src</Filter>
    </ClCompile>
    <ClCompile Include="..\Classes\HeaderLayer.cpp">
      <Filter>Layer</Filter>
    </ClCompile>
    <ClCompile Include="..\Classes\WarListLayer.cpp">
      <Filter>Layer</Filter>
    </ClCompile>
    <ClCompile Include="..\Classes\WarBriefLayer.cpp">
      <Filter>Layer</Filter>
    </ClCompile>
    <ClCompile Include="..\Classes\WarDetailLayer.cpp">
      <Filter>Layer</Filter>
    </ClCompile>
    <ClCompile Include="..\Classes\WarBriefCountryLayer.cpp">
      <Filter>Layer</Filter>
    </ClCompile>
    <ClCompile Include="..\Classes\WarBriefCompanyLayer.cpp">
      <Filter>Layer</Filter>
    </ClCompile>
    <ClCompile Include="..\Classes\Grid9Sprite.cpp">
      <Filter>Utility</Filter>
    </ClCompile>
    <ClCompile Include="..\Classes\IconAndValue.cpp">
      <Filter>Utility</Filter>
    </ClCompile>
    <ClCompile Include="..\Classes\CocosHelper.cpp">
      <Filter>Utility</Filter>
    </ClCompile>
    <ClCompile Include="..\Classes\RoundButton.cpp">
      <Filter>Utility</Filter>
    </ClCompile>
    <ClCompile Include="..\Classes\RoundButtonLayer.cpp">
      <Filter>Utility</Filter>
    </ClCompile>
  </ItemGroup>
  <ItemGroup>
    <ClInclude Include="main.h">
      <Filter>win32</Filter>
    </ClInclude>
    <ClInclude Include="..\Classes\AppDelegate.h">
      <Filter>src</Filter>
    </ClInclude>
    <ClInclude Include="..\Classes\MainScene.h">
      <Filter>src</Filter>
    </ClInclude>
    <ClInclude Include="..\Classes\Win32Utf8Cpp.h">
      <Filter>Utility</Filter>
    </ClInclude>
    <ClInclude Include="..\Classes\GetterSetter.h">
      <Filter>Utility</Filter>
    </ClInclude>
    <ClInclude Include="..\Classes\CocosHelper.h">
      <Filter>Utility</Filter>
    </ClInclude>
    <ClInclude Include="..\Classes\HeaderLayer.h">
      <Filter>Layer</Filter>
    </ClInclude>
    <ClInclude Include="..\Classes\WarListLayer.h">
      <Filter>Layer</Filter>
    </ClInclude>
    <ClInclude Include="..\Classes\Settings.h">
      <Filter>Utility</Filter>
    </ClInclude>
    <ClInclude Include="..\Classes\WarBriefLayer.h">
      <Filter>Layer</Filter>
    </ClInclude>
    <ClInclude Include="..\Classes\WarDetailLayer.h">
      <Filter>Layer</Filter>
    </ClInclude>
    <ClInclude Include="..\Classes\WarBriefCountryLayer.h">
      <Filter>Layer</Filter>
    </ClInclude>
    <ClInclude Include="..\Classes\WarBriefCompanyLayer.h">
      <Filter>Layer</Filter>
    </ClInclude>
    <ClInclude Include="..\Classes\Grid9Sprite.h">
      <Filter>Utility</Filter>
    </ClInclude>
    <ClInclude Include="..\Classes\IconAndValue.h">
      <Filter>Utility</Filter>
    </ClInclude>
    <ClInclude Include="..\Classes\RoundButton.h">
      <Filter>Utility</Filter>
    </ClInclude>
    <ClInclude Include="..\Classes\RoundButtonLayer.h">
      <Filter>Utility</Filter>
    </ClInclude>
  </ItemGroup>
  <ItemGroup>
    <ResourceCompile Include="game.rc">
      <Filter>resource</Filter>
    </ResourceCompile>
  </ItemGroup>
</Project>